
Microsoft Visual Studio Solution File, Format Version 12.00
# Visual Studio Version 17
VisualStudioVersion = 17.4.33122.133
MinimumVisualStudioVersion = 10.0.40219.1
Project("{FAE04EC0-301F-11D3-BF4B-00C04F79EFBC}") = "TyperGame", "TyperGame\TyperGame.csproj", "{281F2C60-08F7-4CE2-BDD8-074799CEB8A9}"
EndProject
Global
	GlobalSection(SolutionConfigurationPlatforms) = preSolution
		Debug|Any CPU = Debug|Any CPU
		Release|Any CPU = Release|Any CPU
	EndGlobalSection
	GlobalSection(ProjectConfigurationPlatforms) = postSolution
		{281F2C60-08F7-4CE2-BDD8-074799CEB8A9}.Debug|Any CPU.ActiveCfg = Debug|Any CPU
		{281F2C60-08F7-4CE2-BDD8-074799CEB8A9}.Debug|Any CPU.Build.0 = Debug|Any CPU
		{281F2C60-08F7-4CE2-BDD8-074799CEB8A9}.Release|Any CPU.ActiveCfg = Release|Any CPU
		{281F2C60-08F7-4CE2-BDD8-074799CEB8A9}.Release|Any CPU.Build.0 = Release|Any CPU
	EndGlobalSection
	GlobalSection(SolutionProperties) = preSolution
		HideSolutionNode = FALSE
	EndGlobalSection
	GlobalSection(ExtensibilityGlobals) = postSolution
		SolutionGuid = {836BB750-B146-43C4-897D-A2526F7EE3C2}
	EndGlobalSection
EndGlobal
